// !$*UTF8*$!
{
	archiveVersion = 1;
	classes = {
	};
	objectVersion = 46;
	objects = {

/* Begin PBXBuildFile section */
		1D02895D174C8D8000C76CEB /* DCWrapper.h in Headers */ = {isa = PBXBuildFile; fileRef = 1D02895B174C8D8000C76CEB /* DCWrapper.h */; settings = {ATTRIBUTES = (Public, ); }; };
		1D02895E174C8D8000C76CEB /* DCWrapper.m in Sources */ = {isa = PBXBuildFile; fileRef = 1D02895C174C8D8000C76CEB /* DCWrapper.m */; };
		1D028967174CBC5200C76CEB /* DCSignUpRequest.h in Headers */ = {isa = PBXBuildFile; fileRef = 1D028965174CBC5200C76CEB /* DCSignUpRequest.h */; settings = {ATTRIBUTES = (Public, ); }; };
		1D028968174CBC5200C76CEB /* DCSignUpRequest.m in Sources */ = {isa = PBXBuildFile; fileRef = 1D028966174CBC5200C76CEB /* DCSignUpRequest.m */; };
		1D02896B174CE50200C76CEB /* CLLocation+CGIPersistance.h in Headers */ = {isa = PBXBuildFile; fileRef = 1D028969174CE50200C76CEB /* CLLocation+CGIPersistance.h */; settings = {ATTRIBUTES = (Public, ); }; };
		1D02896C174CE50200C76CEB /* CLLocation+CGIPersistance.m in Sources */ = {isa = PBXBuildFile; fileRef = 1D02896A174CE50200C76CEB /* CLLocation+CGIPersistance.m */; };
		1D028970174DD95300C76CEB /* DeuteriumCore.h in Headers */ = {isa = PBXBuildFile; fileRef = 1DED1D6A174C861500AE1D98 /* DeuteriumCore.h */; settings = {ATTRIBUTES = (Public, ); }; };
		1D02897B174DD9B900C76CEB /* Foundation.framework in Frameworks */ = {isa = PBXBuildFile; fileRef = 1D02897A174DD9B900C76CEB /* Foundation.framework */; };
		1D028986174DD9CB00C76CEB /* InfoPlist.strings in Resources */ = {isa = PBXBuildFile; fileRef = 1DED1D66174C861500AE1D98 /* InfoPlist.strings */; };
		1D028987174DDA2400C76CEB /* DeuteriumCore.h in Headers */ = {isa = PBXBuildFile; fileRef = 1DED1D6A174C861500AE1D98 /* DeuteriumCore.h */; settings = {ATTRIBUTES = (Public, ); }; };
		1D028988174DDA2400C76CEB /* DCWrapper.h in Headers */ = {isa = PBXBuildFile; fileRef = 1D02895B174C8D8000C76CEB /* DCWrapper.h */; settings = {ATTRIBUTES = (Public, ); }; };
		1D028989174DDA2400C76CEB /* DCLoginRequest.h in Headers */ = {isa = PBXBuildFile; fileRef = 1DED1D74174C866800AE1D98 /* DCLoginRequest.h */; settings = {ATTRIBUTES = (Public, ); }; };
		1D02898A174DDA2400C76CEB /* DCSignUpRequest.h in Headers */ = {isa = PBXBuildFile; fileRef = 1D028965174CBC5200C76CEB /* DCSignUpRequest.h */; settings = {ATTRIBUTES = (Public, ); }; };
		1D02898B174DDA2400C76CEB /* DCNews.h in Headers */ = {isa = PBXBuildFile; fileRef = F56096C8174CD7ED0033D72B /* DCNews.h */; settings = {ATTRIBUTES = (Public, ); }; };
		1D02898C174DDA2400C76CEB /* CLLocation+CGIPersistance.h in Headers */ = {isa = PBXBuildFile; fileRef = 1D028969174CE50200C76CEB /* CLLocation+CGIPersistance.h */; settings = {ATTRIBUTES = (Public, ); }; };
		1D02898D174DDA2400C76CEB /* NSDate+DCPersistance.h in Headers */ = {isa = PBXBuildFile; fileRef = F56096D2174CDAAB0033D72B /* NSDate+DCPersistance.h */; settings = {ATTRIBUTES = (Public, ); }; };
		1D02898E174DDA2400C76CEB /* DCMedia.h in Headers */ = {isa = PBXBuildFile; fileRef = F56096CC174CD8BF0033D72B /* DCMedia.h */; settings = {ATTRIBUTES = (Public, ); }; };
		1D02898F174DDA2D00C76CEB /* DCWrapper.m in Sources */ = {isa = PBXBuildFile; fileRef = 1D02895C174C8D8000C76CEB /* DCWrapper.m */; };
		1D028990174DDA2D00C76CEB /* DCLoginRequest.m in Sources */ = {isa = PBXBuildFile; fileRef = 1DED1D75174C866800AE1D98 /* DCLoginRequest.m */; };
		1D028991174DDA2D00C76CEB /* DCSignUpRequest.m in Sources */ = {isa = PBXBuildFile; fileRef = 1D028966174CBC5200C76CEB /* DCSignUpRequest.m */; };
		1D028992174DDA2D00C76CEB /* DCNews.m in Sources */ = {isa = PBXBuildFile; fileRef = F56096C9174CD7ED0033D72B /* DCNews.m */; };
		1D028993174DDA2D00C76CEB /* CLLocation+CGIPersistance.m in Sources */ = {isa = PBXBuildFile; fileRef = 1D02896A174CE50200C76CEB /* CLLocation+CGIPersistance.m */; };
		1D028994174DDA2D00C76CEB /* NSDate+DCPersistance.m in Sources */ = {isa = PBXBuildFile; fileRef = F56096D3174CDAAB0033D72B /* NSDate+DCPersistance.m */; };
		1D028995174DDA2D00C76CEB /* DCMedia.m in Sources */ = {isa = PBXBuildFile; fileRef = F56096CD174CD8BF0033D72B /* DCMedia.m */; };
		1D028998174DDA4600C76CEB /* CGIJSONObject.framework in Frameworks */ = {isa = PBXBuildFile; fileRef = 1D028996174DDA4600C76CEB /* CGIJSONObject.framework */; };
		1D028999174DDA4600C76CEB /* CGIJSONRemoteObject.framework in Frameworks */ = {isa = PBXBuildFile; fileRef = 1D028997174DDA4600C76CEB /* CGIJSONRemoteObject.framework */; };
		1D0289A0174DDB4300C76CEB /* UIKit.framework in Frameworks */ = {isa = PBXBuildFile; fileRef = 1D02899F174DDB4300C76CEB /* UIKit.framework */; };
		1D0289A1174DDB4300C76CEB /* Foundation.framework in Frameworks */ = {isa = PBXBuildFile; fileRef = 1D02897A174DD9B900C76CEB /* Foundation.framework */; };
		1D0289A3174DDB4300C76CEB /* CoreGraphics.framework in Frameworks */ = {isa = PBXBuildFile; fileRef = 1D0289A2174DDB4300C76CEB /* CoreGraphics.framework */; };
		1D0289A9174DDB4300C76CEB /* InfoPlist.strings in Resources */ = {isa = PBXBuildFile; fileRef = 1D0289A7174DDB4300C76CEB /* InfoPlist.strings */; };
		1D0289AB174DDB4300C76CEB /* main.m in Sources */ = {isa = PBXBuildFile; fileRef = 1D0289AA174DDB4300C76CEB /* main.m */; };
		1D0289AF174DDB4300C76CEB /* DCAppDelegate.m in Sources */ = {isa = PBXBuildFile; fileRef = 1D0289AE174DDB4300C76CEB /* DCAppDelegate.m */; };
		1D0289BC174DDCF700C76CEB /* Default-568h@2x.png in Resources */ = {isa = PBXBuildFile; fileRef = 1D0289B9174DDCF700C76CEB /* Default-568h@2x.png */; };
		1D0289BD174DDCF700C76CEB /* Default.png in Resources */ = {isa = PBXBuildFile; fileRef = 1D0289BA174DDCF700C76CEB /* Default.png */; };
		1D0289BE174DDCF700C76CEB /* Default@2x.png in Resources */ = {isa = PBXBuildFile; fileRef = 1D0289BB174DDCF700C76CEB /* Default@2x.png */; };
		1D0289C3174DDDB100C76CEB /* Default-Landscape.png in Resources */ = {isa = PBXBuildFile; fileRef = 1D0289BF174DDDB100C76CEB /* Default-Landscape.png */; };
		1D0289C4174DDDB100C76CEB /* Default-Landscape@2x.png in Resources */ = {isa = PBXBuildFile; fileRef = 1D0289C0174DDDB100C76CEB /* Default-Landscape@2x.png */; };
		1D0289C5174DDDB100C76CEB /* Default-Portrait.png in Resources */ = {isa = PBXBuildFile; fileRef = 1D0289C1174DDDB100C76CEB /* Default-Portrait.png */; };
		1D0289C6174DDDB100C76CEB /* Default-Portrait@2x.png in Resources */ = {isa = PBXBuildFile; fileRef = 1D0289C2174DDDB100C76CEB /* Default-Portrait@2x.png */; };
		1D0289D1174DE1BE00C76CEB /* Icon-72.png in Resources */ = {isa = PBXBuildFile; fileRef = 1D0289C7174DE1BE00C76CEB /* Icon-72.png */; };
		1D0289D2174DE1BE00C76CEB /* Icon-72@2x.png in Resources */ = {isa = PBXBuildFile; fileRef = 1D0289C8174DE1BE00C76CEB /* Icon-72@2x.png */; };
		1D0289D3174DE1BE00C76CEB /* Icon-Small-50.png in Resources */ = {isa = PBXBuildFile; fileRef = 1D0289C9174DE1BE00C76CEB /* Icon-Small-50.png */; };
		1D0289D4174DE1BE00C76CEB /* Icon-Small-50@2x.png in Resources */ = {isa = PBXBuildFile; fileRef = 1D0289CA174DE1BE00C76CEB /* Icon-Small-50@2x.png */; };
		1D0289D5174DE1BE00C76CEB /* Icon-Small.png in Resources */ = {isa = PBXBuildFile; fileRef = 1D0289CB174DE1BE00C76CEB /* Icon-Small.png */; };
		1D0289D6174DE1BE00C76CEB /* Icon-Small@2x.png in Resources */ = {isa = PBXBuildFile; fileRef = 1D0289CC174DE1BE00C76CEB /* Icon-Small@2x.png */; };
		1D0289D7174DE1BE00C76CEB /* Icon.png in Resources */ = {isa = PBXBuildFile; fileRef = 1D0289CD174DE1BE00C76CEB /* Icon.png */; };
		1D0289D8174DE1BE00C76CEB /* Icon@2x.png in Resources */ = {isa = PBXBuildFile; fileRef = 1D0289CE174DE1BE00C76CEB /* Icon@2x.png */; };
		1D0289D9174DE1BE00C76CEB /* iTunesArtwork in Resources */ = {isa = PBXBuildFile; fileRef = 1D0289CF174DE1BE00C76CEB /* iTunesArtwork */; };
		1D0289DA174DE1BE00C76CEB /* iTunesArtwork@2x in Resources */ = {isa = PBXBuildFile; fileRef = 1D0289D0174DE1BE00C76CEB /* iTunesArtwork@2x */; };
		1D0289DE174DE34C00C76CEB /* DeuteriumCore.framework in Frameworks */ = {isa = PBXBuildFile; fileRef = 1D028979174DD9B900C76CEB /* DeuteriumCore.framework */; };
		1D0289E3174DE37000C76CEB /* CGIJSONObject.framework in Frameworks */ = {isa = PBXBuildFile; fileRef = 1D028996174DDA4600C76CEB /* CGIJSONObject.framework */; };
		1D0289E4174DE37000C76CEB /* CGIJSONRemoteObject.framework in Frameworks */ = {isa = PBXBuildFile; fileRef = 1D028997174DDA4600C76CEB /* CGIJSONRemoteObject.framework */; };
		1D0289E5174DE49100C76CEB /* Icon-72.png in Resources */ = {isa = PBXBuildFile; fileRef = 1D0289C7174DE1BE00C76CEB /* Icon-72.png */; };
		1D0289E6174DE49100C76CEB /* Icon-72@2x.png in Resources */ = {isa = PBXBuildFile; fileRef = 1D0289C8174DE1BE00C76CEB /* Icon-72@2x.png */; };
		1D0289E7174DE49100C76CEB /* Icon-Small-50.png in Resources */ = {isa = PBXBuildFile; fileRef = 1D0289C9174DE1BE00C76CEB /* Icon-Small-50.png */; };
		1D0289E8174DE49100C76CEB /* Icon-Small-50@2x.png in Resources */ = {isa = PBXBuildFile; fileRef = 1D0289CA174DE1BE00C76CEB /* Icon-Small-50@2x.png */; };
		1D0289E9174DE49100C76CEB /* Icon-Small.png in Resources */ = {isa = PBXBuildFile; fileRef = 1D0289CB174DE1BE00C76CEB /* Icon-Small.png */; };
		1D0289EA174DE49100C76CEB /* Icon-Small@2x.png in Resources */ = {isa = PBXBuildFile; fileRef = 1D0289CC174DE1BE00C76CEB /* Icon-Small@2x.png */; };
		1D0289EB174DE49100C76CEB /* Icon.png in Resources */ = {isa = PBXBuildFile; fileRef = 1D0289CD174DE1BE00C76CEB /* Icon.png */; };
		1D0289EC174DE49100C76CEB /* Icon@2x.png in Resources */ = {isa = PBXBuildFile; fileRef = 1D0289CE174DE1BE00C76CEB /* Icon@2x.png */; };
		1D0289EE174DE51E00C76CEB /* MainStoryboard~iPhone.storyboard in Resources */ = {isa = PBXBuildFile; fileRef = 1D0289ED174DE51E00C76CEB /* MainStoryboard~iPhone.storyboard */; };
		1D0289F1174DE61600C76CEB /* DCInitialViewController.m in Sources */ = {isa = PBXBuildFile; fileRef = 1D0289F0174DE61600C76CEB /* DCInitialViewController.m */; };
		1D0289F8174DE9FE00C76CEB /* KeychainItemWrapper.m in Sources */ = {isa = PBXBuildFile; fileRef = 1D0289F5174DE9E100C76CEB /* KeychainItemWrapper.m */; settings = {COMPILER_FLAGS = "-fno-objc-arc"; }; };
		1D0289FB174DEC0400C76CEB /* Security.framework in Frameworks */ = {isa = PBXBuildFile; fileRef = 1D0289FA174DEC0400C76CEB /* Security.framework */; };
		1D0289FE174DF7A900C76CEB /* DCLoginViewController.m in Sources */ = {isa = PBXBuildFile; fileRef = 1D0289FD174DF7A900C76CEB /* DCLoginViewController.m */; };
		1D090957174FBFC80037174F /* NSURL+DCPersistance.h in Headers */ = {isa = PBXBuildFile; fileRef = 1D090955174FBFC80037174F /* NSURL+DCPersistance.h */; settings = {ATTRIBUTES = (Public, ); }; };
		1D090958174FBFC80037174F /* NSURL+DCPersistance.h in Headers */ = {isa = PBXBuildFile; fileRef = 1D090955174FBFC80037174F /* NSURL+DCPersistance.h */; settings = {ATTRIBUTES = (Public, ); }; };
		1D090959174FBFC80037174F /* NSURL+DCPersistance.m in Sources */ = {isa = PBXBuildFile; fileRef = 1D090956174FBFC80037174F /* NSURL+DCPersistance.m */; };
		1D09095A174FBFC80037174F /* NSURL+DCPersistance.m in Sources */ = {isa = PBXBuildFile; fileRef = 1D090956174FBFC80037174F /* NSURL+DCPersistance.m */; };
		1D09095D174FC0710037174F /* DCUniversalContact.h in Headers */ = {isa = PBXBuildFile; fileRef = 1D09095B174FC0710037174F /* DCUniversalContact.h */; settings = {ATTRIBUTES = (Public, ); }; };
		1D09095E174FC0710037174F /* DCUniversalContact.h in Headers */ = {isa = PBXBuildFile; fileRef = 1D09095B174FC0710037174F /* DCUniversalContact.h */; settings = {ATTRIBUTES = (Public, ); }; };
		1D09095F174FC0710037174F /* DCUniversalContact.m in Sources */ = {isa = PBXBuildFile; fileRef = 1D09095C174FC0710037174F /* DCUniversalContact.m */; };
		1D090960174FC0710037174F /* DCUniversalContact.m in Sources */ = {isa = PBXBuildFile; fileRef = 1D09095C174FC0710037174F /* DCUniversalContact.m */; };
		1D090963174FCAD60037174F /* DCNewsCell.m in Sources */ = {isa = PBXBuildFile; fileRef = 1D090962174FCAD60037174F /* DCNewsCell.m */; };
		1D090966174FCAFF0037174F /* DCNewsCellController.m in Sources */ = {isa = PBXBuildFile; fileRef = 1D090965174FCAFF0037174F /* DCNewsCellController.m */; };
		1D090969174FCF670037174F /* DCNewsViewController.m in Sources */ = {isa = PBXBuildFile; fileRef = 1D090968174FCF670037174F /* DCNewsViewController.m */; };
		1D09096C174FD31A0037174F /* DCNewsRequest.h in Headers */ = {isa = PBXBuildFile; fileRef = 1D09096A174FD31A0037174F /* DCNewsRequest.h */; };
		1D09096D174FD31A0037174F /* DCNewsRequest.m in Sources */ = {isa = PBXBuildFile; fileRef = 1D09096B174FD31A0037174F /* DCNewsRequest.m */; };
		1D090970174FD6B40037174F /* Localized.strings in Resources */ = {isa = PBXBuildFile; fileRef = 1D090972174FD6B40037174F /* Localized.strings */; };
		1DED1D5E174C861500AE1D98 /* Cocoa.framework in Frameworks */ = {isa = PBXBuildFile; fileRef = 1DED1D5D174C861500AE1D98 /* Cocoa.framework */; };
		1DED1D68174C861500AE1D98 /* InfoPlist.strings in Resources */ = {isa = PBXBuildFile; fileRef = 1DED1D66174C861500AE1D98 /* InfoPlist.strings */; };
		1DED1D72174C863500AE1D98 /* CGIJSONObject.framework in Frameworks */ = {isa = PBXBuildFile; fileRef = 1DED1D70174C863500AE1D98 /* CGIJSONObject.framework */; };
		1DED1D73174C863500AE1D98 /* CGIJSONRemoteObject.framework in Frameworks */ = {isa = PBXBuildFile; fileRef = 1DED1D71174C863500AE1D98 /* CGIJSONRemoteObject.framework */; };
		1DED1D76174C866800AE1D98 /* DCLoginRequest.h in Headers */ = {isa = PBXBuildFile; fileRef = 1DED1D74174C866800AE1D98 /* DCLoginRequest.h */; settings = {ATTRIBUTES = (Public, ); }; };
		1DED1D77174C866800AE1D98 /* DCLoginRequest.m in Sources */ = {isa = PBXBuildFile; fileRef = 1DED1D75174C866800AE1D98 /* DCLoginRequest.m */; };
		F56096CA174CD7ED0033D72B /* DCNews.h in Headers */ = {isa = PBXBuildFile; fileRef = F56096C8174CD7ED0033D72B /* DCNews.h */; settings = {ATTRIBUTES = (Public, ); }; };
		F56096CB174CD7ED0033D72B /* DCNews.m in Sources */ = {isa = PBXBuildFile; fileRef = F56096C9174CD7ED0033D72B /* DCNews.m */; };
		F56096CE174CD8BF0033D72B /* DCMedia.h in Headers */ = {isa = PBXBuildFile; fileRef = F56096CC174CD8BF0033D72B /* DCMedia.h */; settings = {ATTRIBUTES = (Public, ); }; };
		F56096CF174CD8BF0033D72B /* DCMedia.m in Sources */ = {isa = PBXBuildFile; fileRef = F56096CD174CD8BF0033D72B /* DCMedia.m */; };
		F56096D1174CDA630033D72B /* CoreLocation.framework in Frameworks */ = {isa = PBXBuildFile; fileRef = F56096D0174CDA630033D72B /* CoreLocation.framework */; };
		F56096D4174CDAAB0033D72B /* NSDate+DCPersistance.h in Headers */ = {isa = PBXBuildFile; fileRef = F56096D2174CDAAB0033D72B /* NSDate+DCPersistance.h */; settings = {ATTRIBUTES = (Public, ); }; };
		F56096D5174CDAAB0033D72B /* NSDate+DCPersistance.m in Sources */ = {isa = PBXBuildFile; fileRef = F56096D3174CDAAB0033D72B /* NSDate+DCPersistance.m */; };
/* End PBXBuildFile section */

/* Begin PBXFileReference section */
		1D02895B174C8D8000C76CEB /* DCWrapper.h */ = {isa = PBXFileReference; fileEncoding = 4; lastKnownFileType = sourcecode.c.h; path = DCWrapper.h; sourceTree = "<group>"; };
		1D02895C174C8D8000C76CEB /* DCWrapper.m */ = {isa = PBXFileReference; fileEncoding = 4; lastKnownFileType = sourcecode.c.objc; path = DCWrapper.m; sourceTree = "<group>"; };
		1D02895F174C8F7000C76CEB /* GPL.md */ = {isa = PBXFileReference; lastKnownFileType = text; path = GPL.md; sourceTree = "<group>"; };
		1D028960174C903E00C76CEB /* LGPL.md */ = {isa = PBXFileReference; lastKnownFileType = text; path = LGPL.md; sourceTree = "<group>"; };
		1D028963174C92F400C76CEB /* POSH.md */ = {isa = PBXFileReference; fileEncoding = 4; lastKnownFileType = text; path = POSH.md; sourceTree = "<group>"; };
		1D028965174CBC5200C76CEB /* DCSignUpRequest.h */ = {isa = PBXFileReference; fileEncoding = 4; lastKnownFileType = sourcecode.c.h; path = DCSignUpRequest.h; sourceTree = "<group>"; };
		1D028966174CBC5200C76CEB /* DCSignUpRequest.m */ = {isa = PBXFileReference; fileEncoding = 4; lastKnownFileType = sourcecode.c.objc; path = DCSignUpRequest.m; sourceTree = "<group>"; };
		1D028969174CE50200C76CEB /* CLLocation+CGIPersistance.h */ = {isa = PBXFileReference; fileEncoding = 4; lastKnownFileType = sourcecode.c.h; path = "CLLocation+CGIPersistance.h"; sourceTree = "<group>"; };
		1D02896A174CE50200C76CEB /* CLLocation+CGIPersistance.m */ = {isa = PBXFileReference; fileEncoding = 4; lastKnownFileType = sourcecode.c.objc; path = "CLLocation+CGIPersistance.m"; sourceTree = "<group>"; };
		1D028979174DD9B900C76CEB /* DeuteriumCore.framework */ = {isa = PBXFileReference; explicitFileType = wrapper.framework.static; includeInIndex = 0; path = DeuteriumCore.framework; sourceTree = BUILT_PRODUCTS_DIR; };
		1D02897A174DD9B900C76CEB /* Foundation.framework */ = {isa = PBXFileReference; lastKnownFileType = wrapper.framework; name = Foundation.framework; path = System/Library/Frameworks/Foundation.framework; sourceTree = SDKROOT; };
		1D028996174DDA4600C76CEB /* CGIJSONObject.framework */ = {isa = PBXFileReference; lastKnownFileType = wrapper.framework; name = CGIJSONObject.framework; path = "../CGIJSONKit/build/Release-iphoneos/CGIJSONObject.framework"; sourceTree = SOURCE_ROOT; };
		1D028997174DDA4600C76CEB /* CGIJSONRemoteObject.framework */ = {isa = PBXFileReference; lastKnownFileType = wrapper.framework; name = CGIJSONRemoteObject.framework; path = "../CGIJSONKit/build/Release-iphoneos/CGIJSONRemoteObject.framework"; sourceTree = SOURCE_ROOT; };
		1D02899E174DDB4300C76CEB /* MobileDeuterium.app */ = {isa = PBXFileReference; explicitFileType = wrapper.application; includeInIndex = 0; path = MobileDeuterium.app; sourceTree = BUILT_PRODUCTS_DIR; };
		1D02899F174DDB4300C76CEB /* UIKit.framework */ = {isa = PBXFileReference; lastKnownFileType = wrapper.framework; name = UIKit.framework; path = Library/Frameworks/UIKit.framework; sourceTree = DEVELOPER_DIR; };
		1D0289A2174DDB4300C76CEB /* CoreGraphics.framework */ = {isa = PBXFileReference; lastKnownFileType = wrapper.framework; name = CoreGraphics.framework; path = Library/Frameworks/CoreGraphics.framework; sourceTree = DEVELOPER_DIR; };
		1D0289A6174DDB4300C76CEB /* MobileDeuterium-Info.plist */ = {isa = PBXFileReference; lastKnownFileType = text.plist.xml; path = "MobileDeuterium-Info.plist"; sourceTree = "<group>"; };
		1D0289AA174DDB4300C76CEB /* main.m */ = {isa = PBXFileReference; lastKnownFileType = sourcecode.c.objc; path = main.m; sourceTree = "<group>"; };
		1D0289AC174DDB4300C76CEB /* MobileDeuterium-Prefix.pch */ = {isa = PBXFileReference; lastKnownFileType = sourcecode.c.h; path = "MobileDeuterium-Prefix.pch"; sourceTree = "<group>"; };
		1D0289AD174DDB4300C76CEB /* DCAppDelegate.h */ = {isa = PBXFileReference; lastKnownFileType = sourcecode.c.h; path = DCAppDelegate.h; sourceTree = "<group>"; };
		1D0289AE174DDB4300C76CEB /* DCAppDelegate.m */ = {isa = PBXFileReference; lastKnownFileType = sourcecode.c.objc; path = DCAppDelegate.m; sourceTree = "<group>"; };
		1D0289B9174DDCF700C76CEB /* Default-568h@2x.png */ = {isa = PBXFileReference; lastKnownFileType = image.png; path = "Default-568h@2x.png"; sourceTree = "<group>"; };
		1D0289BA174DDCF700C76CEB /* Default.png */ = {isa = PBXFileReference; lastKnownFileType = image.png; path = Default.png; sourceTree = "<group>"; };
		1D0289BB174DDCF700C76CEB /* Default@2x.png */ = {isa = PBXFileReference; lastKnownFileType = image.png; path = "Default@2x.png"; sourceTree = "<group>"; };
		1D0289BF174DDDB100C76CEB /* Default-Landscape.png */ = {isa = PBXFileReference; lastKnownFileType = image.png; path = "Default-Landscape.png"; sourceTree = "<group>"; };
		1D0289C0174DDDB100C76CEB /* Default-Landscape@2x.png */ = {isa = PBXFileReference; lastKnownFileType = image.png; path = "Default-Landscape@2x.png"; sourceTree = "<group>"; };
		1D0289C1174DDDB100C76CEB /* Default-Portrait.png */ = {isa = PBXFileReference; lastKnownFileType = image.png; path = "Default-Portrait.png"; sourceTree = "<group>"; };
		1D0289C2174DDDB100C76CEB /* Default-Portrait@2x.png */ = {isa = PBXFileReference; lastKnownFileType = image.png; path = "Default-Portrait@2x.png"; sourceTree = "<group>"; };
		1D0289C7174DE1BE00C76CEB /* Icon-72.png */ = {isa = PBXFileReference; lastKnownFileType = image.png; path = "Icon-72.png"; sourceTree = "<group>"; };
		1D0289C8174DE1BE00C76CEB /* Icon-72@2x.png */ = {isa = PBXFileReference; lastKnownFileType = image.png; path = "Icon-72@2x.png"; sourceTree = "<group>"; };
		1D0289C9174DE1BE00C76CEB /* Icon-Small-50.png */ = {isa = PBXFileReference; lastKnownFileType = image.png; path = "Icon-Small-50.png"; sourceTree = "<group>"; };
		1D0289CA174DE1BE00C76CEB /* Icon-Small-50@2x.png */ = {isa = PBXFileReference; lastKnownFileType = image.png; path = "Icon-Small-50@2x.png"; sourceTree = "<group>"; };
		1D0289CB174DE1BE00C76CEB /* Icon-Small.png */ = {isa = PBXFileReference; lastKnownFileType = image.png; path = "Icon-Small.png"; sourceTree = "<group>"; };
		1D0289CC174DE1BE00C76CEB /* Icon-Small@2x.png */ = {isa = PBXFileReference; lastKnownFileType = image.png; path = "Icon-Small@2x.png"; sourceTree = "<group>"; };
		1D0289CD174DE1BE00C76CEB /* Icon.png */ = {isa = PBXFileReference; lastKnownFileType = image.png; path = Icon.png; sourceTree = "<group>"; };
		1D0289CE174DE1BE00C76CEB /* Icon@2x.png */ = {isa = PBXFileReference; lastKnownFileType = image.png; path = "Icon@2x.png"; sourceTree = "<group>"; };
		1D0289CF174DE1BE00C76CEB /* iTunesArtwork */ = {isa = PBXFileReference; lastKnownFileType = file; path = iTunesArtwork; sourceTree = "<group>"; };
		1D0289D0174DE1BE00C76CEB /* iTunesArtwork@2x */ = {isa = PBXFileReference; lastKnownFileType = file; path = "iTunesArtwork@2x"; sourceTree = "<group>"; };
		1D0289ED174DE51E00C76CEB /* MainStoryboard~iPhone.storyboard */ = {isa = PBXFileReference; fileEncoding = 4; lastKnownFileType = file.storyboard; path = "MainStoryboard~iPhone.storyboard"; sourceTree = "<group>"; };
		1D0289EF174DE61600C76CEB /* DCInitialViewController.h */ = {isa = PBXFileReference; fileEncoding = 4; lastKnownFileType = sourcecode.c.h; path = DCInitialViewController.h; sourceTree = "<group>"; };
		1D0289F0174DE61600C76CEB /* DCInitialViewController.m */ = {isa = PBXFileReference; fileEncoding = 4; lastKnownFileType = sourcecode.c.objc; path = DCInitialViewController.m; sourceTree = "<group>"; };
		1D0289F2174DE69E00C76CEB /* zh-Hans */ = {isa = PBXFileReference; lastKnownFileType = text.plist.strings; name = "zh-Hans"; path = "zh-Hans.lproj/InfoPlist.strings"; sourceTree = "<group>"; };
		1D0289F3174DE69E00C76CEB /* zh-Hans */ = {isa = PBXFileReference; lastKnownFileType = text.plist.strings; name = "zh-Hans"; path = "zh-Hans.lproj/InfoPlist.strings"; sourceTree = "<group>"; };
		1D0289F4174DE9E100C76CEB /* KeychainItemWrapper.h */ = {isa = PBXFileReference; fileEncoding = 4; lastKnownFileType = sourcecode.c.h; path = KeychainItemWrapper.h; sourceTree = "<group>"; };
		1D0289F5174DE9E100C76CEB /* KeychainItemWrapper.m */ = {isa = PBXFileReference; fileEncoding = 4; lastKnownFileType = sourcecode.c.objc; path = KeychainItemWrapper.m; sourceTree = "<group>"; };
		1D0289F9174DEAF000C76CEB /* MobileDeuterium.entitlements */ = {isa = PBXFileReference; lastKnownFileType = text.xml; path = MobileDeuterium.entitlements; sourceTree = "<group>"; };
		1D0289FA174DEC0400C76CEB /* Security.framework */ = {isa = PBXFileReference; lastKnownFileType = wrapper.framework; name = Security.framework; path = Platforms/iPhoneOS.platform/Developer/SDKs/iPhoneOS6.1.sdk/System/Library/Frameworks/Security.framework; sourceTree = DEVELOPER_DIR; };
		1D0289FC174DF7A900C76CEB /* DCLoginViewController.h */ = {isa = PBXFileReference; fileEncoding = 4; lastKnownFileType = sourcecode.c.h; path = DCLoginViewController.h; sourceTree = "<group>"; };
		1D0289FD174DF7A900C76CEB /* DCLoginViewController.m */ = {isa = PBXFileReference; fileEncoding = 4; lastKnownFileType = sourcecode.c.objc; path = DCLoginViewController.m; sourceTree = "<group>"; };
		1D090955174FBFC80037174F /* NSURL+DCPersistance.h */ = {isa = PBXFileReference; fileEncoding = 4; lastKnownFileType = sourcecode.c.h; path = "NSURL+DCPersistance.h"; sourceTree = "<group>"; };
		1D090956174FBFC80037174F /* NSURL+DCPersistance.m */ = {isa = PBXFileReference; fileEncoding = 4; lastKnownFileType = sourcecode.c.objc; path = "NSURL+DCPersistance.m"; sourceTree = "<group>"; };
		1D09095B174FC0710037174F /* DCUniversalContact.h */ = {isa = PBXFileReference; fileEncoding = 4; lastKnownFileType = sourcecode.c.h; path = DCUniversalContact.h; sourceTree = "<group>"; };
		1D09095C174FC0710037174F /* DCUniversalContact.m */ = {isa = PBXFileReference; fileEncoding = 4; lastKnownFileType = sourcecode.c.objc; path = DCUniversalContact.m; sourceTree = "<group>"; };
		1D090961174FCAD60037174F /* DCNewsCell.h */ = {isa = PBXFileReference; fileEncoding = 4; lastKnownFileType = sourcecode.c.h; path = DCNewsCell.h; sourceTree = "<group>"; };
		1D090962174FCAD60037174F /* DCNewsCell.m */ = {isa = PBXFileReference; fileEncoding = 4; lastKnownFileType = sourcecode.c.objc; path = DCNewsCell.m; sourceTree = "<group>"; };
		1D090964174FCAFF0037174F /* DCNewsCellController.h */ = {isa = PBXFileReference; fileEncoding = 4; lastKnownFileType = sourcecode.c.h; path = DCNewsCellController.h; sourceTree = "<group>"; };
		1D090965174FCAFF0037174F /* DCNewsCellController.m */ = {isa = PBXFileReference; fileEncoding = 4; lastKnownFileType = sourcecode.c.objc; path = DCNewsCellController.m; sourceTree = "<group>"; };
		1D090967174FCF670037174F /* DCNewsViewController.h */ = {isa = PBXFileReference; fileEncoding = 4; lastKnownFileType = sourcecode.c.h; path = DCNewsViewController.h; sourceTree = "<group>"; };
		1D090968174FCF670037174F /* DCNewsViewController.m */ = {isa = PBXFileReference; fileEncoding = 4; lastKnownFileType = sourcecode.c.objc; path = DCNewsViewController.m; sourceTree = "<group>"; };
		1D09096A174FD31A0037174F /* DCNewsRequest.h */ = {isa = PBXFileReference; fileEncoding = 4; lastKnownFileType = sourcecode.c.h; path = DCNewsRequest.h; sourceTree = "<group>"; };
		1D09096B174FD31A0037174F /* DCNewsRequest.m */ = {isa = PBXFileReference; fileEncoding = 4; lastKnownFileType = sourcecode.c.objc; path = DCNewsRequest.m; sourceTree = "<group>"; };
		1D090971174FD6B40037174F /* zh-Hans */ = {isa = PBXFileReference; lastKnownFileType = file; name = "zh-Hans"; path = "zh-Hans.lproj/Localized.strings"; sourceTree = "<group>"; };
		1DED1D5A174C861500AE1D98 /* DeuteriumCore.framework */ = {isa = PBXFileReference; explicitFileType = wrapper.framework; includeInIndex = 0; path = DeuteriumCore.framework; sourceTree = BUILT_PRODUCTS_DIR; };
		1DED1D5D174C861500AE1D98 /* Cocoa.framework */ = {isa = PBXFileReference; lastKnownFileType = wrapper.framework; name = Cocoa.framework; path = System/Library/Frameworks/Cocoa.framework; sourceTree = SDKROOT; };
		1DED1D60174C861500AE1D98 /* AppKit.framework */ = {isa = PBXFileReference; lastKnownFileType = wrapper.framework; name = AppKit.framework; path = System/Library/Frameworks/AppKit.framework; sourceTree = SDKROOT; };
		1DED1D61174C861500AE1D98 /* CoreData.framework */ = {isa = PBXFileReference; lastKnownFileType = wrapper.framework; name = CoreData.framework; path = System/Library/Frameworks/CoreData.framework; sourceTree = SDKROOT; };
		1DED1D62174C861500AE1D98 /* Foundation.framework */ = {isa = PBXFileReference; lastKnownFileType = wrapper.framework; name = Foundation.framework; path = System/Library/Frameworks/Foundation.framework; sourceTree = SDKROOT; };
		1DED1D65174C861500AE1D98 /* DeuteriumCore-Info.plist */ = {isa = PBXFileReference; lastKnownFileType = text.plist.xml; path = "DeuteriumCore-Info.plist"; sourceTree = "<group>"; };
		1DED1D6A174C861500AE1D98 /* DeuteriumCore.h */ = {isa = PBXFileReference; lastKnownFileType = sourcecode.c.h; path = DeuteriumCore.h; sourceTree = "<group>"; };
		1DED1D70174C863500AE1D98 /* CGIJSONObject.framework */ = {isa = PBXFileReference; lastKnownFileType = wrapper.framework; name = CGIJSONObject.framework; path = ../CGIJSONKit/build/Release/CGIJSONObject.framework; sourceTree = SOURCE_ROOT; };
		1DED1D71174C863500AE1D98 /* CGIJSONRemoteObject.framework */ = {isa = PBXFileReference; lastKnownFileType = wrapper.framework; name = CGIJSONRemoteObject.framework; path = ../CGIJSONKit/build/Release/CGIJSONRemoteObject.framework; sourceTree = SOURCE_ROOT; };
		1DED1D74174C866800AE1D98 /* DCLoginRequest.h */ = {isa = PBXFileReference; fileEncoding = 4; lastKnownFileType = sourcecode.c.h; path = DCLoginRequest.h; sourceTree = "<group>"; };
		1DED1D75174C866800AE1D98 /* DCLoginRequest.m */ = {isa = PBXFileReference; fileEncoding = 4; lastKnownFileType = sourcecode.c.objc; path = DCLoginRequest.m; sourceTree = "<group>"; };
		F56096C8174CD7ED0033D72B /* DCNews.h */ = {isa = PBXFileReference; fileEncoding = 4; lastKnownFileType = sourcecode.c.h; path = DCNews.h; sourceTree = "<group>"; };
		F56096C9174CD7ED0033D72B /* DCNews.m */ = {isa = PBXFileReference; fileEncoding = 4; lastKnownFileType = sourcecode.c.objc; path = DCNews.m; sourceTree = "<group>"; };
		F56096CC174CD8BF0033D72B /* DCMedia.h */ = {isa = PBXFileReference; fileEncoding = 4; lastKnownFileType = sourcecode.c.h; path = DCMedia.h; sourceTree = "<group>"; };
		F56096CD174CD8BF0033D72B /* DCMedia.m */ = {isa = PBXFileReference; fileEncoding = 4; lastKnownFileType = sourcecode.c.objc; path = DCMedia.m; sourceTree = "<group>"; };
		F56096D0174CDA630033D72B /* CoreLocation.framework */ = {isa = PBXFileReference; lastKnownFileType = wrapper.framework; name = CoreLocation.framework; path = Platforms/MacOSX.platform/Developer/SDKs/MacOSX10.8.sdk/System/Library/Frameworks/CoreLocation.framework; sourceTree = DEVELOPER_DIR; };
		F56096D2174CDAAB0033D72B /* NSDate+DCPersistance.h */ = {isa = PBXFileReference; fileEncoding = 4; lastKnownFileType = sourcecode.c.h; path = "NSDate+DCPersistance.h"; sourceTree = "<group>"; };
		F56096D3174CDAAB0033D72B /* NSDate+DCPersistance.m */ = {isa = PBXFileReference; fileEncoding = 4; lastKnownFileType = sourcecode.c.objc; path = "NSDate+DCPersistance.m"; sourceTree = "<group>"; };
/* End PBXFileReference section */

/* Begin PBXFrameworksBuildPhase section */
		1D028973174DD9B900C76CEB /* Frameworks */ = {
			isa = PBXFrameworksBuildPhase;
			buildActionMask = 2147483647;
			files = (
				1D028998174DDA4600C76CEB /* CGIJSONObject.framework in Frameworks */,
				1D028999174DDA4600C76CEB /* CGIJSONRemoteObject.framework in Frameworks */,
				1D02897B174DD9B900C76CEB /* Foundation.framework in Frameworks */,
			);
			runOnlyForDeploymentPostprocessing = 0;
		};
		1D02899B174DDB4300C76CEB /* Frameworks */ = {
			isa = PBXFrameworksBuildPhase;
			buildActionMask = 2147483647;
			files = (
				1D0289FB174DEC0400C76CEB /* Security.framework in Frameworks */,
				1D0289DE174DE34C00C76CEB /* DeuteriumCore.framework in Frameworks */,
				1D0289A0174DDB4300C76CEB /* UIKit.framework in Frameworks */,
				1D0289A1174DDB4300C76CEB /* Foundation.framework in Frameworks */,
				1D0289A3174DDB4300C76CEB /* CoreGraphics.framework in Frameworks */,
				1D0289E3174DE37000C76CEB /* CGIJSONObject.framework in Frameworks */,
				1D0289E4174DE37000C76CEB /* CGIJSONRemoteObject.framework in Frameworks */,
			);
			runOnlyForDeploymentPostprocessing = 0;
		};
		1DED1D56174C861500AE1D98 /* Frameworks */ = {
			isa = PBXFrameworksBuildPhase;
			buildActionMask = 2147483647;
			files = (
				F56096D1174CDA630033D72B /* CoreLocation.framework in Frameworks */,
				1DED1D72174C863500AE1D98 /* CGIJSONObject.framework in Frameworks */,
				1DED1D73174C863500AE1D98 /* CGIJSONRemoteObject.framework in Frameworks */,
				1DED1D5E174C861500AE1D98 /* Cocoa.framework in Frameworks */,
			);
			runOnlyForDeploymentPostprocessing = 0;
		};
/* End PBXFrameworksBuildPhase section */

/* Begin PBXGroup section */
		1D0289A4174DDB4300C76CEB /* MobileDeuterium */ = {
			isa = PBXGroup;
			children = (
				1D0289F9174DEAF000C76CEB /* MobileDeuterium.entitlements */,
				1D0289F4174DE9E100C76CEB /* KeychainItemWrapper.h */,
				1D0289F5174DE9E100C76CEB /* KeychainItemWrapper.m */,
				1D0289AD174DDB4300C76CEB /* DCAppDelegate.h */,
				1D0289AE174DDB4300C76CEB /* DCAppDelegate.m */,
				1D0289ED174DE51E00C76CEB /* MainStoryboard~iPhone.storyboard */,
				1D0289EF174DE61600C76CEB /* DCInitialViewController.h */,
				1D0289F0174DE61600C76CEB /* DCInitialViewController.m */,
				1D0289FC174DF7A900C76CEB /* DCLoginViewController.h */,
				1D0289FD174DF7A900C76CEB /* DCLoginViewController.m */,
				1D090967174FCF670037174F /* DCNewsViewController.h */,
				1D090968174FCF670037174F /* DCNewsViewController.m */,
				1D090961174FCAD60037174F /* DCNewsCell.h */,
				1D090962174FCAD60037174F /* DCNewsCell.m */,
				1D090964174FCAFF0037174F /* DCNewsCellController.h */,
				1D090965174FCAFF0037174F /* DCNewsCellController.m */,
				1D0289A5174DDB4300C76CEB /* Supporting Files */,
			);
			path = MobileDeuterium;
			sourceTree = "<group>";
		};
		1D0289A5174DDB4300C76CEB /* Supporting Files */ = {
			isa = PBXGroup;
			children = (
				1D0289A6174DDB4300C76CEB /* MobileDeuterium-Info.plist */,
				1D0289A7174DDB4300C76CEB /* InfoPlist.strings */,
				1D090972174FD6B40037174F /* Localized.strings */,
				1D0289AA174DDB4300C76CEB /* main.m */,
				1D0289AC174DDB4300C76CEB /* MobileDeuterium-Prefix.pch */,
				1D0289C7174DE1BE00C76CEB /* Icon-72.png */,
				1D0289C8174DE1BE00C76CEB /* Icon-72@2x.png */,
				1D0289C9174DE1BE00C76CEB /* Icon-Small-50.png */,
				1D0289CA174DE1BE00C76CEB /* Icon-Small-50@2x.png */,
				1D0289CB174DE1BE00C76CEB /* Icon-Small.png */,
				1D0289CC174DE1BE00C76CEB /* Icon-Small@2x.png */,
				1D0289CD174DE1BE00C76CEB /* Icon.png */,
				1D0289CE174DE1BE00C76CEB /* Icon@2x.png */,
				1D0289CF174DE1BE00C76CEB /* iTunesArtwork */,
				1D0289D0174DE1BE00C76CEB /* iTunesArtwork@2x */,
				1D0289B9174DDCF700C76CEB /* Default-568h@2x.png */,
				1D0289BA174DDCF700C76CEB /* Default.png */,
				1D0289BB174DDCF700C76CEB /* Default@2x.png */,
				1D0289BF174DDDB100C76CEB /* Default-Landscape.png */,
				1D0289C0174DDDB100C76CEB /* Default-Landscape@2x.png */,
				1D0289C1174DDDB100C76CEB /* Default-Portrait.png */,
				1D0289C2174DDDB100C76CEB /* Default-Portrait@2x.png */,
			);
			name = "Supporting Files";
			sourceTree = "<group>";
		};
		1D02B5FF174BABBC00158DF5 = {
			isa = PBXGroup;
			children = (
				1D02895F174C8F7000C76CEB /* GPL.md */,
				1D028960174C903E00C76CEB /* LGPL.md */,
				1D028963174C92F400C76CEB /* POSH.md */,
				1DED1D63174C861500AE1D98 /* DeuteriumCore */,
				1D0289A4174DDB4300C76CEB /* MobileDeuterium */,
				1DED1D5C174C861500AE1D98 /* Frameworks */,
				1DED1D5B174C861500AE1D98 /* Products */,
			);
			sourceTree = "<group>";
		};
		1D09098A17504BAF0037174F /* External Persistance */ = {
			isa = PBXGroup;
			children = (
				1D028969174CE50200C76CEB /* CLLocation+CGIPersistance.h */,
				1D02896A174CE50200C76CEB /* CLLocation+CGIPersistance.m */,
				F56096D2174CDAAB0033D72B /* NSDate+DCPersistance.h */,
				F56096D3174CDAAB0033D72B /* NSDate+DCPersistance.m */,
				1D090955174FBFC80037174F /* NSURL+DCPersistance.h */,
				1D090956174FBFC80037174F /* NSURL+DCPersistance.m */,
			);
			name = "External Persistance";
			sourceTree = "<group>";
		};
		1DED1D5B174C861500AE1D98 /* Products */ = {
			isa = PBXGroup;
			children = (
				1DED1D5A174C861500AE1D98 /* DeuteriumCore.framework */,
				1D028979174DD9B900C76CEB /* DeuteriumCore.framework */,
				1D02899E174DDB4300C76CEB /* MobileDeuterium.app */,
			);
			name = Products;
			sourceTree = "<group>";
		};
		1DED1D5C174C861500AE1D98 /* Frameworks */ = {
			isa = PBXGroup;
			children = (
				1D0289FA174DEC0400C76CEB /* Security.framework */,
				1D028996174DDA4600C76CEB /* CGIJSONObject.framework */,
				1D028997174DDA4600C76CEB /* CGIJSONRemoteObject.framework */,
				1DED1D70174C863500AE1D98 /* CGIJSONObject.framework */,
				1DED1D71174C863500AE1D98 /* CGIJSONRemoteObject.framework */,
				F56096D0174CDA630033D72B /* CoreLocation.framework */,
				1DED1D5D174C861500AE1D98 /* Cocoa.framework */,
				1D02897A174DD9B900C76CEB /* Foundation.framework */,
				1D02899F174DDB4300C76CEB /* UIKit.framework */,
				1D0289A2174DDB4300C76CEB /* CoreGraphics.framework */,
				1DED1D5F174C861500AE1D98 /* Other Frameworks */,
			);
			name = Frameworks;
			sourceTree = "<group>";
		};
		1DED1D5F174C861500AE1D98 /* Other Frameworks */ = {
			isa = PBXGroup;
			children = (
				1DED1D60174C861500AE1D98 /* AppKit.framework */,
				1DED1D61174C861500AE1D98 /* CoreData.framework */,
				1DED1D62174C861500AE1D98 /* Foundation.framework */,
			);
			name = "Other Frameworks";
			sourceTree = "<group>";
		};
		1DED1D63174C861500AE1D98 /* DeuteriumCore */ = {
			isa = PBXGroup;
			children = (
				1DED1D6A174C861500AE1D98 /* DeuteriumCore.h */,
				1D02895B174C8D8000C76CEB /* DCWrapper.h */,
				1D02895C174C8D8000C76CEB /* DCWrapper.m */,
				1DED1D74174C866800AE1D98 /* DCLoginRequest.h */,
				1DED1D75174C866800AE1D98 /* DCLoginRequest.m */,
				1D028965174CBC5200C76CEB /* DCSignUpRequest.h */,
				1D028966174CBC5200C76CEB /* DCSignUpRequest.m */,
				F56096C8174CD7ED0033D72B /* DCNews.h */,
				F56096C9174CD7ED0033D72B /* DCNews.m */,
				1D09096A174FD31A0037174F /* DCNewsRequest.h */,
				1D09096B174FD31A0037174F /* DCNewsRequest.m */,
				F56096CC174CD8BF0033D72B /* DCMedia.h */,
				F56096CD174CD8BF0033D72B /* DCMedia.m */,
				1D09095B174FC0710037174F /* DCUniversalContact.h */,
				1D09095C174FC0710037174F /* DCUniversalContact.m */,
				1D09098A17504BAF0037174F /* External Persistance */,
				1DED1D64174C861500AE1D98 /* Supporting Files */,
			);
			path = DeuteriumCore;
			sourceTree = "<group>";
		};
		1DED1D64174C861500AE1D98 /* Supporting Files */ = {
			isa = PBXGroup;
			children = (
				1DED1D65174C861500AE1D98 /* DeuteriumCore-Info.plist */,
				1DED1D66174C861500AE1D98 /* InfoPlist.strings */,
			);
			name = "Supporting Files";
			sourceTree = "<group>";
		};
/* End PBXGroup section */

/* Begin PBXHeadersBuildPhase section */
		1D028974174DD9B900C76CEB /* Headers */ = {
			isa = PBXHeadersBuildPhase;
			buildActionMask = 2147483647;
			files = (
				1D028987174DDA2400C76CEB /* DeuteriumCore.h in Headers */,
				1D028988174DDA2400C76CEB /* DCWrapper.h in Headers */,
				1D028989174DDA2400C76CEB /* DCLoginRequest.h in Headers */,
				1D02898A174DDA2400C76CEB /* DCSignUpRequest.h in Headers */,
				1D02898B174DDA2400C76CEB /* DCNews.h in Headers */,
				1D02898C174DDA2400C76CEB /* CLLocation+CGIPersistance.h in Headers */,
				1D02898D174DDA2400C76CEB /* NSDate+DCPersistance.h in Headers */,
				1D02898E174DDA2400C76CEB /* DCMedia.h in Headers */,
				1D090958174FBFC80037174F /* NSURL+DCPersistance.h in Headers */,
				1D09095E174FC0710037174F /* DCUniversalContact.h in Headers */,
			);
			runOnlyForDeploymentPostprocessing = 0;
		};
		1DED1D57174C861500AE1D98 /* Headers */ = {
			isa = PBXHeadersBuildPhase;
			buildActionMask = 2147483647;
			files = (
				1DED1D76174C866800AE1D98 /* DCLoginRequest.h in Headers */,
				1D02895D174C8D8000C76CEB /* DCWrapper.h in Headers */,
				1D028967174CBC5200C76CEB /* DCSignUpRequest.h in Headers */,
				F56096CA174CD7ED0033D72B /* DCNews.h in Headers */,
				F56096CE174CD8BF0033D72B /* DCMedia.h in Headers */,
				F56096D4174CDAAB0033D72B /* NSDate+DCPersistance.h in Headers */,
				1D02896B174CE50200C76CEB /* CLLocation+CGIPersistance.h in Headers */,
				1D028970174DD95300C76CEB /* DeuteriumCore.h in Headers */,
				1D090957174FBFC80037174F /* NSURL+DCPersistance.h in Headers */,
				1D09095D174FC0710037174F /* DCUniversalContact.h in Headers */,
				1D09096C174FD31A0037174F /* DCNewsRequest.h in Headers */,
			);
			runOnlyForDeploymentPostprocessing = 0;
		};
/* End PBXHeadersBuildPhase section */

/* Begin PBXNativeTarget section */
		1D028978174DD9B900C76CEB /* MobileDeuteriumCore */ = {
			isa = PBXNativeTarget;
			buildConfigurationList = 1D028983174DD9BA00C76CEB /* Build configuration list for PBXNativeTarget "MobileDeuteriumCore" */;
			buildPhases = (
				1D028971174DD9B900C76CEB /* ShellScript */,
				1D028972174DD9B900C76CEB /* Sources */,
				1D028973174DD9B900C76CEB /* Frameworks */,
				1D028974174DD9B900C76CEB /* Headers */,
				1D028975174DD9B900C76CEB /* Resources */,
				1D028976174DD9B900C76CEB /* ShellScript */,
				1D028977174DD9B900C76CEB /* ShellScript */,
			);
			buildRules = (
			);
			dependencies = (
			);
			name = MobileDeuteriumCore;
			productName = MobileDeuteriumCore;
			productReference = 1D028979174DD9B900C76CEB /* DeuteriumCore.framework */;
			productType = "com.apple.product-type.framework.static";
		};
		1D02899D174DDB4300C76CEB /* MobileDeuterium */ = {
			isa = PBXNativeTarget;
			buildConfigurationList = 1D0289B6174DDB4300C76CEB /* Build configuration list for PBXNativeTarget "MobileDeuterium" */;
			buildPhases = (
				1D02899A174DDB4300C76CEB /* Sources */,
				1D02899B174DDB4300C76CEB /* Frameworks */,
				1D02899C174DDB4300C76CEB /* Resources */,
			);
			buildRules = (
			);
			dependencies = (
			);
			name = MobileDeuterium;
			productName = MobileDeuterium;
			productReference = 1D02899E174DDB4300C76CEB /* MobileDeuterium.app */;
			productType = "com.apple.product-type.application";
		};
		1DED1D59174C861500AE1D98 /* DeuteriumCore */ = {
			isa = PBXNativeTarget;
			buildConfigurationList = 1DED1D6F174C861500AE1D98 /* Build configuration list for PBXNativeTarget "DeuteriumCore" */;
			buildPhases = (
				1DED1D55174C861500AE1D98 /* Sources */,
				1DED1D56174C861500AE1D98 /* Frameworks */,
				1DED1D57174C861500AE1D98 /* Headers */,
				1DED1D58174C861500AE1D98 /* Resources */,
			);
			buildRules = (
			);
			dependencies = (
			);
			name = DeuteriumCore;
			productName = DeuteriumCore;
			productReference = 1DED1D5A174C861500AE1D98 /* DeuteriumCore.framework */;
			productType = "com.apple.product-type.framework";
		};
/* End PBXNativeTarget section */

/* Begin PBXProject section */
		1D02B600174BABBC00158DF5 /* Project object */ = {
			isa = PBXProject;
			attributes = {
				CLASSPREFIX = DC;
				LastUpgradeCheck = 0460;
				ORGANIZATIONNAME = muski;
			};
			buildConfigurationList = 1D02B603174BABBC00158DF5 /* Build configuration list for PBXProject "Deuterium" */;
			compatibilityVersion = "Xcode 3.2";
			developmentRegion = English;
			hasScannedForEncodings = 0;
			knownRegions = (
				en,
				"zh-Hans",
			);
			mainGroup = 1D02B5FF174BABBC00158DF5;
			productRefGroup = 1DED1D5B174C861500AE1D98 /* Products */;
			projectDirPath = "";
			projectRoot = "";
			targets = (
				1DED1D59174C861500AE1D98 /* DeuteriumCore */,
				1D028978174DD9B900C76CEB /* MobileDeuteriumCore */,
				1D02899D174DDB4300C76CEB /* MobileDeuterium */,
			);
		};
/* End PBXProject section */

/* Begin PBXResourcesBuildPhase section */
		1D028975174DD9B900C76CEB /* Resources */ = {
			isa = PBXResourcesBuildPhase;
			buildActionMask = 2147483647;
			files = (
				1D028986174DD9CB00C76CEB /* InfoPlist.strings in Resources */,
				1D0289D1174DE1BE00C76CEB /* Icon-72.png in Resources */,
				1D0289D2174DE1BE00C76CEB /* Icon-72@2x.png in Resources */,
				1D0289D3174DE1BE00C76CEB /* Icon-Small-50.png in Resources */,
				1D0289D4174DE1BE00C76CEB /* Icon-Small-50@2x.png in Resources */,
				1D0289D5174DE1BE00C76CEB /* Icon-Small.png in Resources */,
				1D0289D6174DE1BE00C76CEB /* Icon-Small@2x.png in Resources */,
				1D0289D7174DE1BE00C76CEB /* Icon.png in Resources */,
				1D0289D8174DE1BE00C76CEB /* Icon@2x.png in Resources */,
				1D0289D9174DE1BE00C76CEB /* iTunesArtwork in Resources */,
				1D0289DA174DE1BE00C76CEB /* iTunesArtwork@2x in Resources */,
			);
			runOnlyForDeploymentPostprocessing = 0;
		};
		1D02899C174DDB4300C76CEB /* Resources */ = {
			isa = PBXResourcesBuildPhase;
			buildActionMask = 2147483647;
			files = (
				1D0289E5174DE49100C76CEB /* Icon-72.png in Resources */,
				1D0289E6174DE49100C76CEB /* Icon-72@2x.png in Resources */,
				1D0289E7174DE49100C76CEB /* Icon-Small-50.png in Resources */,
				1D0289E8174DE49100C76CEB /* Icon-Small-50@2x.png in Resources */,
				1D0289E9174DE49100C76CEB /* Icon-Small.png in Resources */,
				1D0289EA174DE49100C76CEB /* Icon-Small@2x.png in Resources */,
				1D0289EB174DE49100C76CEB /* Icon.png in Resources */,
				1D0289EC174DE49100C76CEB /* Icon@2x.png in Resources */,
				1D0289A9174DDB4300C76CEB /* InfoPlist.strings in Resources */,
				1D0289BC174DDCF700C76CEB /* Default-568h@2x.png in Resources */,
				1D0289BD174DDCF700C76CEB /* Default.png in Resources */,
				1D0289BE174DDCF700C76CEB /* Default@2x.png in Resources */,
				1D0289C3174DDDB100C76CEB /* Default-Landscape.png in Resources */,
				1D0289C4174DDDB100C76CEB /* Default-Landscape@2x.png in Resources */,
				1D0289C5174DDDB100C76CEB /* Default-Portrait.png in Resources */,
				1D0289C6174DDDB100C76CEB /* Default-Portrait@2x.png in Resources */,
				1D0289EE174DE51E00C76CEB /* MainStoryboard~iPhone.storyboard in Resources */,
				1D090970174FD6B40037174F /* Localized.strings in Resources */,
			);
			runOnlyForDeploymentPostprocessing = 0;
		};
		1DED1D58174C861500AE1D98 /* Resources */ = {
			isa = PBXResourcesBuildPhase;
			buildActionMask = 2147483647;
			files = (
				1DED1D68174C861500AE1D98 /* InfoPlist.strings in Resources */,
			);
			runOnlyForDeploymentPostprocessing = 0;
		};
/* End PBXResourcesBuildPhase section */

/* Begin PBXShellScriptBuildPhase section */
		1D028971174DD9B900C76CEB /* ShellScript */ = {
			isa = PBXShellScriptBuildPhase;
			buildActionMask = 2147483647;
			files = (
			);
			inputPaths = (
			);
			outputPaths = (
			);
			runOnlyForDeploymentPostprocessing = 0;
			shellPath = /bin/sh;
			shellScript = "set -e\n\nset +u\nif [[ $UFW_MASTER_SCRIPT_RUNNING ]]\nthen\n    # Nothing for the slave script to do\n    exit 0\nfi\nset -u\n\nif [[ \"$SDK_NAME\" =~ ([A-Za-z]+) ]]\nthen\n    UFW_SDK_PLATFORM=${BASH_REMATCH[1]}\nelse\n    echo \"Could not find platform name from SDK_NAME: $SDK_NAME\"\n    exit 1\nfi\n\nif [[ \"$SDK_NAME\" =~ ([0-9]+.*$) ]]\nthen\n\tUFW_SDK_VERSION=${BASH_REMATCH[1]}\nelse\n    echo \"Could not find sdk version  from SDK_NAME: $SDK_NAME\"\n    exit 1\nfi\n\nif [[ \"$UFW_SDK_PLATFORM\" = \"iphoneos\" ]]\nthen\n    UFW_OTHER_PLATFORM=iphonesimulator\nelse\n    UFW_OTHER_PLATFORM=iphoneos\nfi\n\nif [[ \"$BUILT_PRODUCTS_DIR\" =~ (.*)$UFW_SDK_PLATFORM$ ]]\nthen\n    UFW_OTHER_BUILT_PRODUCTS_DIR=\"${BASH_REMATCH[1]}${UFW_OTHER_PLATFORM}\"\nelse\n    echo \"Could not find $UFW_SDK_PLATFORM in $BUILT_PRODUCTS_DIR\"\n    exit 1\nfi\n\nONLY_ACTIVE_PLATFORM=${ONLY_ACTIVE_PLATFORM:-$ONLY_ACTIVE_ARCH}\n\n# Short-circuit if all binaries are up to date\n\nif [[ -f \"${BUILT_PRODUCTS_DIR}/${EXECUTABLE_PATH}\" ]] && \\\n   [[ -f \"${BUILT_PRODUCTS_DIR}/${PRODUCT_NAME}.embeddedframework/${EXECUTABLE_PATH}\" ]] && \\\n   [[ ! \"${BUILT_PRODUCTS_DIR}/${EXECUTABLE_PATH}\" -nt \"${BUILT_PRODUCTS_DIR}/${PRODUCT_NAME}.embeddedframework/${EXECUTABLE_PATH}\" ]] && \\\n  ([[ \"${ONLY_ACTIVE_PLATFORM}\" == \"YES\" ]] || \\\n    ([[ -f \"${UFW_OTHER_BUILT_PRODUCTS_DIR}/${EXECUTABLE_PATH}\" ]] && \\\n     [[ -f \"${UFW_OTHER_BUILT_PRODUCTS_DIR}/${PRODUCT_NAME}.embeddedframework/${EXECUTABLE_PATH}\" ]] && \\\n     [[ ! \"${UFW_OTHER_BUILT_PRODUCTS_DIR}/${EXECUTABLE_PATH}\" -nt \"${UFW_OTHER_BUILT_PRODUCTS_DIR}/${PRODUCT_NAME}.embeddedframework/${EXECUTABLE_PATH}\" ]]\n    )\n  )\nthen\n    exit 0\nfi\n\n\n# Clean other platform if needed\n\nif [[ ! -f \"${BUILT_PRODUCTS_DIR}/${EXECUTABLE_PATH}\" ]] && [[ \"${ONLY_ACTIVE_PLATFORM}\" != \"YES\" ]]\nthen\n\techo \"Platform \\\"$UFW_SDK_PLATFORM\\\" was cleaned recently. Cleaning \\\"$UFW_OTHER_PLATFORM\\\" as well\"\n\techo xcodebuild -project \"${PROJECT_FILE_PATH}\" -target \"${TARGET_NAME}\" -configuration \"${CONFIGURATION}\" -sdk ${UFW_OTHER_PLATFORM}${UFW_SDK_VERSION} BUILD_DIR=\"${BUILD_DIR}\" CONFIGURATION_TEMP_DIR=\"${PROJECT_TEMP_DIR}/${CONFIGURATION}-${UFW_OTHER_PLATFORM}\" clean\n\txcodebuild -project \"${PROJECT_FILE_PATH}\" -target \"${TARGET_NAME}\" -configuration \"${CONFIGURATION}\" -sdk ${UFW_OTHER_PLATFORM}${UFW_SDK_VERSION} BUILD_DIR=\"${BUILD_DIR}\" CONFIGURATION_TEMP_DIR=\"${PROJECT_TEMP_DIR}/${CONFIGURATION}-${UFW_OTHER_PLATFORM}\" clean\nfi\n\n\n# Make sure we are building from fresh binaries\n\nrm -rf \"${BUILT_PRODUCTS_DIR}/${EXECUTABLE_PATH}\"\nrm -rf \"${BUILT_PRODUCTS_DIR}/${PRODUCT_NAME}.embeddedframework\"\n\nif [[ \"${ONLY_ACTIVE_PLATFORM}\" != \"YES\" ]]\nthen\n    rm -rf \"${UFW_OTHER_BUILT_PRODUCTS_DIR}/${EXECUTABLE_PATH}\"\n    rm -rf \"${UFW_OTHER_BUILT_PRODUCTS_DIR}/${PRODUCT_NAME}.embeddedframework\"\nfi\n";
		};
		1D028976174DD9B900C76CEB /* ShellScript */ = {
			isa = PBXShellScriptBuildPhase;
			buildActionMask = 2147483647;
			files = (
			);
			inputPaths = (
			);
			outputPaths = (
			);
			runOnlyForDeploymentPostprocessing = 0;
			shellPath = /bin/sh;
			shellScript = "HEADERS_ROOT=$SRCROOT/$PRODUCT_NAME\nFRAMEWORK_HEADERS_DIR=\"$BUILT_PRODUCTS_DIR/$WRAPPER_NAME/Versions/$FRAMEWORK_VERSION/Headers\"\n\n## only header files expected at this point\nPUBLIC_HEADERS=$(find $FRAMEWORK_HEADERS_DIR/. -not -type d 2> /dev/null | sed -e \"s@.*/@@g\")\n\nFIND_OPTS=\"\"\nfor PUBLIC_HEADER in $PUBLIC_HEADERS; do\n  if [ -n \"$FIND_OPTS\" ]; then\n    FIND_OPTS=\"$FIND_OPTS -o\"\n  fi\n  FIND_OPTS=\"$FIND_OPTS -name '$PUBLIC_HEADER'\"\ndone\n\nif [ -n \"$FIND_OPTS\" ]; then\n  for ORIG_HEADER in $(eval \"find $HEADERS_ROOT/. $FIND_OPTS\" 2> /dev/null | sed -e \"s@^$HEADERS_ROOT/./@@g\"); do\n    PUBLIC_HEADER=$(basename $ORIG_HEADER)\n    RELATIVE_PATH=$(dirname $ORIG_HEADER)\n    if [ -e $FRAMEWORK_HEADERS_DIR/$PUBLIC_HEADER ]; then\n      mkdir -p \"$FRAMEWORK_HEADERS_DIR/$RELATIVE_PATH\"\n      mv \"$FRAMEWORK_HEADERS_DIR/$PUBLIC_HEADER\" \"$FRAMEWORK_HEADERS_DIR/$RELATIVE_PATH/$PUBLIC_HEADER\"\n    fi\n  done\nfi\n";
		};
		1D028977174DD9B900C76CEB /* ShellScript */ = {
			isa = PBXShellScriptBuildPhase;
			buildActionMask = 2147483647;
			files = (
			);
			inputPaths = (
			);
			outputPaths = (
			);
			runOnlyForDeploymentPostprocessing = 0;
			shellPath = /bin/sh;
			shellScript = "set -e\n\nset +u\nif [[ $UFW_MASTER_SCRIPT_RUNNING ]]\nthen\n    # Nothing for the slave script to do\n    exit 0\nfi\nset -u\nexport UFW_MASTER_SCRIPT_RUNNING=1\n\n\n# Functions\n\n## List files in the specified directory, storing to the specified array.\n#\n# @param $1 The path to list\n# @param $2 The name of the array to fill\n#\n##\nlist_files ()\n{\n    filelist=$(ls \"$1\")\n    while read line\n    do\n        eval \"$2[\\${#$2[*]}]=\\\"\\$line\\\"\"\n    done <<< \"$filelist\"\n}\n\n\n# Sanity check\n\nif [[ ! -f \"${BUILT_PRODUCTS_DIR}/${EXECUTABLE_PATH}\" ]]\nthen\n    echo \"Framework target \\\"${TARGET_NAME}\\\" had no source files to build from. Make sure your source files have the correct target membership\"\n    exit 1\nfi\n\n\n# Gather information\n\nif [[ \"$SDK_NAME\" =~ ([A-Za-z]+) ]]\nthen\n    UFW_SDK_PLATFORM=${BASH_REMATCH[1]}\nelse\n    echo \"Could not find platform name from SDK_NAME: $SDK_NAME\"\n    exit 1\nfi\n\nif [[ \"$SDK_NAME\" =~ ([0-9]+.*$) ]]\nthen\n    UFW_SDK_VERSION=${BASH_REMATCH[1]}\nelse\n    echo \"Could not find sdk version from SDK_NAME: $SDK_NAME\"\n    exit 1\nfi\n\nif [[ \"$UFW_SDK_PLATFORM\" = \"iphoneos\" ]]\nthen\n    UFW_OTHER_PLATFORM=iphonesimulator\nelse\n    UFW_OTHER_PLATFORM=iphoneos\nfi\n\nif [[ \"$BUILT_PRODUCTS_DIR\" =~ (.*)$UFW_SDK_PLATFORM$ ]]\nthen\n    UFW_OTHER_BUILT_PRODUCTS_DIR=\"${BASH_REMATCH[1]}${UFW_OTHER_PLATFORM}\"\nelse\n    echo \"Could not find $UFW_SDK_PLATFORM in $BUILT_PRODUCTS_DIR\"\n    exit 1\nfi\n\nONLY_ACTIVE_PLATFORM=${ONLY_ACTIVE_PLATFORM:-$ONLY_ACTIVE_ARCH}\n\n# Short-circuit if all binaries are up to date.\n# We already checked the other platform in the prerun script.\n\nif [[ -f \"${BUILT_PRODUCTS_DIR}/${EXECUTABLE_PATH}\" ]] && [[ -f \"${BUILT_PRODUCTS_DIR}/${PRODUCT_NAME}.embeddedframework/${EXECUTABLE_PATH}\" ]] && [[ ! \"${BUILT_PRODUCTS_DIR}/${EXECUTABLE_PATH}\" -nt \"${BUILT_PRODUCTS_DIR}/${PRODUCT_NAME}.embeddedframework/${EXECUTABLE_PATH}\" ]]\nthen\n    exit 0\nfi\n\nif [ \"${ONLY_ACTIVE_PLATFORM}\" == \"YES\" ]\nthen\n    echo \"ONLY_ACTIVE_PLATFORM=${ONLY_ACTIVE_PLATFORM}: Skipping other platform build\"\nelse\n    # Make sure the other platform gets built\n    \n    echo \"Build other platform\"\n    \n    echo xcodebuild -project \"${PROJECT_FILE_PATH}\" -target \"${TARGET_NAME}\" -configuration \"${CONFIGURATION}\" -sdk ${UFW_OTHER_PLATFORM}${UFW_SDK_VERSION} BUILD_DIR=\"${BUILD_DIR}\" CONFIGURATION_TEMP_DIR=\"${PROJECT_TEMP_DIR}/${CONFIGURATION}-${UFW_OTHER_PLATFORM}\" $ACTION\n    xcodebuild -project \"${PROJECT_FILE_PATH}\" -target \"${TARGET_NAME}\" -configuration \"${CONFIGURATION}\" -sdk ${UFW_OTHER_PLATFORM}${UFW_SDK_VERSION} BUILD_DIR=\"${BUILD_DIR}\" CONFIGURATION_TEMP_DIR=\"${PROJECT_TEMP_DIR}/${CONFIGURATION}-${UFW_OTHER_PLATFORM}\" $ACTION\n    \n    \n    # Build the fat static library binary\n    \n    echo \"Create universal static library\"\n    \n    echo \"$PLATFORM_DEVELOPER_BIN_DIR/libtool\" -static \"${BUILT_PRODUCTS_DIR}/${EXECUTABLE_PATH}\" \"${UFW_OTHER_BUILT_PRODUCTS_DIR}/${EXECUTABLE_PATH}\" -o \"${BUILT_PRODUCTS_DIR}/${EXECUTABLE_PATH}.temp\"\n    \"$PLATFORM_DEVELOPER_BIN_DIR/libtool\" -static \"${BUILT_PRODUCTS_DIR}/${EXECUTABLE_PATH}\" \"${UFW_OTHER_BUILT_PRODUCTS_DIR}/${EXECUTABLE_PATH}\" -o \"${BUILT_PRODUCTS_DIR}/${EXECUTABLE_PATH}.temp\"\n    \n    echo mv \"${BUILT_PRODUCTS_DIR}/${EXECUTABLE_PATH}.temp\" \"${BUILT_PRODUCTS_DIR}/${EXECUTABLE_PATH}\"\n    mv \"${BUILT_PRODUCTS_DIR}/${EXECUTABLE_PATH}.temp\" \"${BUILT_PRODUCTS_DIR}/${EXECUTABLE_PATH}\"\nfi\n\n# Build embedded framework structure\n\necho \"Build Embedded Framework\"\n\necho rm -rf \"${BUILT_PRODUCTS_DIR}/${PRODUCT_NAME}.embeddedframework\"\nrm -rf \"${BUILT_PRODUCTS_DIR}/${PRODUCT_NAME}.embeddedframework\"\necho mkdir -p \"${BUILT_PRODUCTS_DIR}/${PRODUCT_NAME}.embeddedframework/Resources\"\nmkdir -p \"${BUILT_PRODUCTS_DIR}/${PRODUCT_NAME}.embeddedframework/Resources\"\necho cp -a \"${BUILT_PRODUCTS_DIR}/${WRAPPER_NAME}\" \"${BUILT_PRODUCTS_DIR}/${PRODUCT_NAME}.embeddedframework/\"\ncp -a \"${BUILT_PRODUCTS_DIR}/${WRAPPER_NAME}\" \"${BUILT_PRODUCTS_DIR}/${PRODUCT_NAME}.embeddedframework/\"\n\ndeclare -a UFW_FILE_LIST\nlist_files \"${BUILT_PRODUCTS_DIR}/${UNLOCALIZED_RESOURCES_FOLDER_PATH}\" UFW_FILE_LIST\nfor filename in \"${UFW_FILE_LIST[@]}\"\ndo\n    if [[ \"${filename}\" != \"Info.plist\" ]] && [[ ! \"${filename}\" =~ .*\\.lproj$ ]]\n    then\n        echo ln -sfh \"../${WRAPPER_NAME}/Resources/${filename}\" \"${BUILT_PRODUCTS_DIR}/${PRODUCT_NAME}.embeddedframework/Resources/${filename}\"\n        ln -sfh \"../${WRAPPER_NAME}/Resources/${filename}\" \"${BUILT_PRODUCTS_DIR}/${PRODUCT_NAME}.embeddedframework/Resources/${filename}\"\n    fi\ndone\n\n\nif [ \"${ONLY_ACTIVE_PLATFORM}\" != \"YES\" ]\nthen\n    # Replace other platform's framework with a copy of this one (so that both have the same universal binary)\n    \n    echo \"Copy from $UFW_SDK_PLATFORM to $UFW_OTHER_PLATFORM\"\n    \n    echo rm -rf \"${BUILD_DIR}/${CONFIGURATION}-${UFW_OTHER_PLATFORM}\"\n    rm -rf \"${BUILD_DIR}/${CONFIGURATION}-${UFW_OTHER_PLATFORM}\"\n    echo cp -a \"${BUILD_DIR}/${CONFIGURATION}-${UFW_SDK_PLATFORM}\" \"${BUILD_DIR}/${CONFIGURATION}-${UFW_OTHER_PLATFORM}\"\n    cp -a \"${BUILD_DIR}/${CONFIGURATION}-${UFW_SDK_PLATFORM}\" \"${BUILD_DIR}/${CONFIGURATION}-${UFW_OTHER_PLATFORM}\"\nfi\n";
		};
/* End PBXShellScriptBuildPhase section */

/* Begin PBXSourcesBuildPhase section */
		1D028972174DD9B900C76CEB /* Sources */ = {
			isa = PBXSourcesBuildPhase;
			buildActionMask = 2147483647;
			files = (
				1D02898F174DDA2D00C76CEB /* DCWrapper.m in Sources */,
				1D028990174DDA2D00C76CEB /* DCLoginRequest.m in Sources */,
				1D028991174DDA2D00C76CEB /* DCSignUpRequest.m in Sources */,
				1D028992174DDA2D00C76CEB /* DCNews.m in Sources */,
				1D028993174DDA2D00C76CEB /* CLLocation+CGIPersistance.m in Sources */,
				1D028994174DDA2D00C76CEB /* NSDate+DCPersistance.m in Sources */,
				1D028995174DDA2D00C76CEB /* DCMedia.m in Sources */,
				1D09095A174FBFC80037174F /* NSURL+DCPersistance.m in Sources */,
				1D090960174FC0710037174F /* DCUniversalContact.m in Sources */,
			);
			runOnlyForDeploymentPostprocessing = 0;
		};
		1D02899A174DDB4300C76CEB /* Sources */ = {
			isa = PBXSourcesBuildPhase;
			buildActionMask = 2147483647;
			files = (
				1D0289AB174DDB4300C76CEB /* main.m in Sources */,
				1D0289AF174DDB4300C76CEB /* DCAppDelegate.m in Sources */,
				1D0289F1174DE61600C76CEB /* DCInitialViewController.m in Sources */,
				1D0289F8174DE9FE00C76CEB /* KeychainItemWrapper.m in Sources */,
				1D0289FE174DF7A900C76CEB /* DCLoginViewController.m in Sources */,
				1D090963174FCAD60037174F /* DCNewsCell.m in Sources */,
				1D090966174FCAFF0037174F /* DCNewsCellController.m in Sources */,
				1D090969174FCF670037174F /* DCNewsViewController.m in Sources */,
			);
			runOnlyForDeploymentPostprocessing = 0;
		};
		1DED1D55174C861500AE1D98 /* Sources */ = {
			isa = PBXSourcesBuildPhase;
			buildActionMask = 2147483647;
			files = (
				1DED1D77174C866800AE1D98 /* DCLoginRequest.m in Sources */,
				1D02895E174C8D8000C76CEB /* DCWrapper.m in Sources */,
				1D028968174CBC5200C76CEB /* DCSignUpRequest.m in Sources */,
				F56096CB174CD7ED0033D72B /* DCNews.m in Sources */,
				F56096CF174CD8BF0033D72B /* DCMedia.m in Sources */,
				F56096D5174CDAAB0033D72B /* NSDate+DCPersistance.m in Sources */,
				1D02896C174CE50200C76CEB /* CLLocation+CGIPersistance.m in Sources */,
				1D090959174FBFC80037174F /* NSURL+DCPersistance.m in Sources */,
				1D09095F174FC0710037174F /* DCUniversalContact.m in Sources */,
				1D09096D174FD31A0037174F /* DCNewsRequest.m in Sources */,
			);
			runOnlyForDeploymentPostprocessing = 0;
		};
/* End PBXSourcesBuildPhase section */

/* Begin PBXVariantGroup section */
		1D0289A7174DDB4300C76CEB /* InfoPlist.strings */ = {
			isa = PBXVariantGroup;
			children = (
				1D0289F3174DE69E00C76CEB /* zh-Hans */,
			);
			name = InfoPlist.strings;
			sourceTree = "<group>";
		};
		1D090972174FD6B40037174F /* Localized.strings */ = {
			isa = PBXVariantGroup;
			children = (
				1D090971174FD6B40037174F /* zh-Hans */,
			);
			name = Localized.strings;
			sourceTree = "<group>";
		};
		1DED1D66174C861500AE1D98 /* InfoPlist.strings */ = {
			isa = PBXVariantGroup;
			children = (
				1D0289F2174DE69E00C76CEB /* zh-Hans */,
			);
			name = InfoPlist.strings;
			sourceTree = "<group>";
		};
/* End PBXVariantGroup section */

/* Begin XCBuildConfiguration section */
		1D028984174DD9BA00C76CEB /* Debug */ = {
			isa = XCBuildConfiguration;
			buildSettings = {
				ALWAYS_SEARCH_USER_PATHS = NO;
				CLANG_CXX_LANGUAGE_STANDARD = "gnu++0x";
				CLANG_CXX_LIBRARY = "libc++";
				CLANG_ENABLE_OBJC_ARC = YES;
				CLANG_WARN_CONSTANT_CONVERSION = YES;
				CLANG_WARN_EMPTY_BODY = YES;
				CLANG_WARN_ENUM_CONVERSION = YES;
				CLANG_WARN_INT_CONVERSION = YES;
				CLANG_WARN__DUPLICATE_METHOD_MATCH = YES;
				COPY_PHASE_STRIP = NO;
				DYLIB_COMPATIBILITY_VERSION = 1;
				DYLIB_CURRENT_VERSION = 1;
				FRAMEWORK_VERSION = D;
				GCC_C_LANGUAGE_STANDARD = gnu99;
				GCC_DYNAMIC_NO_PIC = NO;
				GCC_OPTIMIZATION_LEVEL = 0;
				GCC_PREPROCESSOR_DEFINITIONS = (
					"DEBUG=1",
					"$(inherited)",
				);
				GCC_SYMBOLS_PRIVATE_EXTERN = NO;
				GCC_WARN_ABOUT_RETURN_TYPE = YES;
				GCC_WARN_UNINITIALIZED_AUTOS = YES;
				GCC_WARN_UNUSED_VARIABLE = YES;
				INFOPLIST_FILE = "DeuteriumCore/DeuteriumCore-Info.plist";
				IPHONEOS_DEPLOYMENT_TARGET = 5.0;
				ONLY_ACTIVE_ARCH = YES;
				PRODUCT_NAME = DeuteriumCore;
				SDKROOT = iphoneos;
				SKIP_INSTALL = YES;
				WRAPPER_EXTENSION = framework;
			};
			name = Debug;
		};
		1D028985174DD9BA00C76CEB /* Release */ = {
			isa = XCBuildConfiguration;
			buildSettings = {
				ALWAYS_SEARCH_USER_PATHS = NO;
				CLANG_CXX_LANGUAGE_STANDARD = "gnu++0x";
				CLANG_CXX_LIBRARY = "libc++";
				CLANG_ENABLE_OBJC_ARC = YES;
				CLANG_WARN_CONSTANT_CONVERSION = YES;
				CLANG_WARN_EMPTY_BODY = YES;
				CLANG_WARN_ENUM_CONVERSION = YES;
				CLANG_WARN_INT_CONVERSION = YES;
				CLANG_WARN__DUPLICATE_METHOD_MATCH = YES;
				COPY_PHASE_STRIP = YES;
				DYLIB_COMPATIBILITY_VERSION = 1;
				DYLIB_CURRENT_VERSION = 1;
				FRAMEWORK_VERSION = D;
				GCC_C_LANGUAGE_STANDARD = gnu99;
				GCC_WARN_ABOUT_RETURN_TYPE = YES;
				GCC_WARN_UNINITIALIZED_AUTOS = YES;
				GCC_WARN_UNUSED_VARIABLE = YES;
				INFOPLIST_FILE = "DeuteriumCore/DeuteriumCore-Info.plist";
				IPHONEOS_DEPLOYMENT_TARGET = 5.0;
				PRODUCT_NAME = DeuteriumCore;
				SDKROOT = iphoneos;
				SKIP_INSTALL = YES;
				VALIDATE_PRODUCT = YES;
				WRAPPER_EXTENSION = framework;
			};
			name = Release;
		};
		1D0289B7174DDB4300C76CEB /* Debug */ = {
			isa = XCBuildConfiguration;
			buildSettings = {
				ALWAYS_SEARCH_USER_PATHS = NO;
				CLANG_CXX_LANGUAGE_STANDARD = "gnu++0x";
				CLANG_CXX_LIBRARY = "libc++";
				CLANG_ENABLE_OBJC_ARC = YES;
				CLANG_WARN_CONSTANT_CONVERSION = YES;
				CLANG_WARN_EMPTY_BODY = YES;
				CLANG_WARN_ENUM_CONVERSION = YES;
				CLANG_WARN_INT_CONVERSION = YES;
				CLANG_WARN__DUPLICATE_METHOD_MATCH = YES;
				CODE_SIGN_ENTITLEMENTS = MobileDeuterium/MobileDeuterium.entitlements;
				"CODE_SIGN_IDENTITY[sdk=iphoneos*]" = "iPhone Developer";
				COPY_PHASE_STRIP = NO;
				FRAMEWORK_SEARCH_PATHS = (
					"$(inherited)",
					"\"$(SYSTEM_APPS_DIR)/Xcode.app/Contents/Developer/Library/Frameworks\"",
					"\"$(SRCROOT)/../CGIJSONKit/build/Release-iphoneos\"",
				);
				GCC_C_LANGUAGE_STANDARD = gnu99;
				GCC_DYNAMIC_NO_PIC = NO;
				GCC_OPTIMIZATION_LEVEL = 0;
				GCC_PREPROCESSOR_DEFINITIONS = (
					"DEBUG=1",
					"$(inherited)",
				);
				GCC_SYMBOLS_PRIVATE_EXTERN = NO;
				GCC_WARN_ABOUT_RETURN_TYPE = YES;
				GCC_WARN_UNINITIALIZED_AUTOS = YES;
				GCC_WARN_UNUSED_VARIABLE = YES;
				INFOPLIST_FILE = "MobileDeuterium/MobileDeuterium-Info.plist";
				IPHONEOS_DEPLOYMENT_TARGET = 6.0;
				ONLY_ACTIVE_ARCH = YES;
				PRODUCT_NAME = "$(TARGET_NAME)";
				SDKROOT = iphoneos;
				TARGETED_DEVICE_FAMILY = 1;
				WRAPPER_EXTENSION = app;
			};
			name = Debug;
		};
		1D0289B8174DDB4300C76CEB /* Release */ = {
			isa = XCBuildConfiguration;
			buildSettings = {
				ALWAYS_SEARCH_USER_PATHS = NO;
				CLANG_CXX_LANGUAGE_STANDARD = "gnu++0x";
				CLANG_CXX_LIBRARY = "libc++";
				CLANG_ENABLE_OBJC_ARC = YES;
				CLANG_WARN_CONSTANT_CONVERSION = YES;
				CLANG_WARN_EMPTY_BODY = YES;
				CLANG_WARN_ENUM_CONVERSION = YES;
				CLANG_WARN_INT_CONVERSION = YES;
				CLANG_WARN__DUPLICATE_METHOD_MATCH = YES;
				CODE_SIGN_ENTITLEMENTS = MobileDeuterium/MobileDeuterium.entitlements;
				"CODE_SIGN_IDENTITY[sdk=iphoneos*]" = "iPhone Developer";
				COPY_PHASE_STRIP = YES;
				FRAMEWORK_SEARCH_PATHS = (
					"$(inherited)",
					"\"$(SYSTEM_APPS_DIR)/Xcode.app/Contents/Developer/Library/Frameworks\"",
					"\"$(SRCROOT)/../CGIJSONKit/build/Release-iphoneos\"",
				);
				GCC_C_LANGUAGE_STANDARD = gnu99;
				GCC_WARN_ABOUT_RETURN_TYPE = YES;
				GCC_WARN_UNINITIALIZED_AUTOS = YES;
				GCC_WARN_UNUSED_VARIABLE = YES;
				INFOPLIST_FILE = "MobileDeuterium/MobileDeuterium-Info.plist";
				IPHONEOS_DEPLOYMENT_TARGET = 6.0;
				OTHER_CFLAGS = "-DNS_BLOCK_ASSERTIONS=1";
				PRODUCT_NAME = "$(TARGET_NAME)";
				SDKROOT = iphoneos;
				TARGETED_DEVICE_FAMILY = 1;
				VALIDATE_PRODUCT = YES;
				WRAPPER_EXTENSION = app;
			};
			name = Release;
		};
		1D02B604174BABBC00158DF5 /* Debug */ = {
			isa = XCBuildConfiguration;
			buildSettings = {
			};
			name = Debug;
		};
		1D02B605174BABBC00158DF5 /* Release */ = {
			isa = XCBuildConfiguration;
			buildSettings = {
			};
			name = Release;
		};
		1DED1D6D174C861500AE1D98 /* Debug */ = {
			isa = XCBuildConfiguration;
			buildSettings = {
				ALWAYS_SEARCH_USER_PATHS = NO;
				ARCHS = "$(ARCHS_STANDARD_64_BIT)";
				CLANG_CXX_LANGUAGE_STANDARD = "gnu++0x";
				CLANG_CXX_LIBRARY = "libc++";
				CLANG_ENABLE_OBJC_ARC = YES;
				CLANG_WARN_CONSTANT_CONVERSION = YES;
				CLANG_WARN_EMPTY_BODY = YES;
				CLANG_WARN_ENUM_CONVERSION = YES;
				CLANG_WARN_INT_CONVERSION = YES;
				CLANG_WARN__DUPLICATE_METHOD_MATCH = YES;
				COMBINE_HIDPI_IMAGES = YES;
				COPY_PHASE_STRIP = NO;
				DYLIB_COMPATIBILITY_VERSION = 1;
				DYLIB_CURRENT_VERSION = 1;
				FRAMEWORK_VERSION = A;
				GCC_C_LANGUAGE_STANDARD = gnu99;
				GCC_DYNAMIC_NO_PIC = NO;
				GCC_ENABLE_OBJC_EXCEPTIONS = YES;
				GCC_OPTIMIZATION_LEVEL = 0;
				GCC_PRECOMPILE_PREFIX_HEADER = YES;
				GCC_PREFIX_HEADER = "DeuteriumCore/DeuteriumCore-Prefix.pch";
				GCC_PREPROCESSOR_DEFINITIONS = (
					"DEBUG=1",
					"$(inherited)",
				);
				GCC_SYMBOLS_PRIVATE_EXTERN = NO;
				GCC_WARN_64_TO_32_BIT_CONVERSION = YES;
				GCC_WARN_ABOUT_RETURN_TYPE = YES;
				GCC_WARN_UNINITIALIZED_AUTOS = YES;
				GCC_WARN_UNUSED_VARIABLE = YES;
				INFOPLIST_FILE = "DeuteriumCore/DeuteriumCore-Info.plist";
				MACOSX_DEPLOYMENT_TARGET = 10.8;
				ONLY_ACTIVE_ARCH = YES;
				PRODUCT_NAME = "$(TARGET_NAME)";
				SDKROOT = macosx;
				WRAPPER_EXTENSION = framework;
			};
			name = Debug;
		};
		1DED1D6E174C861500AE1D98 /* Release */ = {
			isa = XCBuildConfiguration;
			buildSettings = {
				ALWAYS_SEARCH_USER_PATHS = NO;
				ARCHS = "$(ARCHS_STANDARD_64_BIT)";
				CLANG_CXX_LANGUAGE_STANDARD = "gnu++0x";
				CLANG_CXX_LIBRARY = "libc++";
				CLANG_ENABLE_OBJC_ARC = YES;
				CLANG_WARN_CONSTANT_CONVERSION = YES;
				CLANG_WARN_EMPTY_BODY = YES;
				CLANG_WARN_ENUM_CONVERSION = YES;
				CLANG_WARN_INT_CONVERSION = YES;
				CLANG_WARN__DUPLICATE_METHOD_MATCH = YES;
				COMBINE_HIDPI_IMAGES = YES;
				COPY_PHASE_STRIP = YES;
				DEBUG_INFORMATION_FORMAT = "dwarf-with-dsym";
				DYLIB_COMPATIBILITY_VERSION = 1;
				DYLIB_CURRENT_VERSION = 1;
				FRAMEWORK_VERSION = A;
				GCC_C_LANGUAGE_STANDARD = gnu99;
				GCC_ENABLE_OBJC_EXCEPTIONS = YES;
				GCC_PRECOMPILE_PREFIX_HEADER = YES;
				GCC_PREFIX_HEADER = "DeuteriumCore/DeuteriumCore-Prefix.pch";
				GCC_WARN_64_TO_32_BIT_CONVERSION = YES;
				GCC_WARN_ABOUT_RETURN_TYPE = YES;
				GCC_WARN_UNINITIALIZED_AUTOS = YES;
				GCC_WARN_UNUSED_VARIABLE = YES;
				INFOPLIST_FILE = "DeuteriumCore/DeuteriumCore-Info.plist";
				MACOSX_DEPLOYMENT_TARGET = 10.8;
				PRODUCT_NAME = "$(TARGET_NAME)";
				SDKROOT = macosx;
				WRAPPER_EXTENSION = framework;
			};
			name = Release;
		};
/* End XCBuildConfiguration section */

/* Begin XCConfigurationList section */
		1D028983174DD9BA00C76CEB /* Build configuration list for PBXNativeTarget "MobileDeuteriumCore" */ = {
			isa = XCConfigurationList;
			buildConfigurations = (
				1D028984174DD9BA00C76CEB /* Debug */,
				1D028985174DD9BA00C76CEB /* Release */,
			);
			defaultConfigurationIsVisible = 0;
			defaultConfigurationName = Release;
		};
		1D0289B6174DDB4300C76CEB /* Build configuration list for PBXNativeTarget "MobileDeuterium" */ = {
			isa = XCConfigurationList;
			buildConfigurations = (
				1D0289B7174DDB4300C76CEB /* Debug */,
				1D0289B8174DDB4300C76CEB /* Release */,
			);
			defaultConfigurationIsVisible = 0;
			defaultConfigurationName = Release;
		};
		1D02B603174BABBC00158DF5 /* Build configuration list for PBXProject "Deuterium" */ = {
			isa = XCConfigurationList;
			buildConfigurations = (
				1D02B604174BABBC00158DF5 /* Debug */,
				1D02B605174BABBC00158DF5 /* Release */,
			);
			defaultConfigurationIsVisible = 0;
			defaultConfigurationName = Release;
		};
		1DED1D6F174C861500AE1D98 /* Build configuration list for PBXNativeTarget "DeuteriumCore" */ = {
			isa = XCConfigurationList;
			buildConfigurations = (
				1DED1D6D174C861500AE1D98 /* Debug */,
				1DED1D6E174C861500AE1D98 /* Release */,
			);
			defaultConfigurationIsVisible = 0;
			defaultConfigurationName = Release;
		};
/* End XCConfigurationList section */
	};
	rootObject = 1D02B600174BABBC00158DF5 /* Project object */;
}
