// !$*UTF8*$!
{
	archiveVersion = 1;
	classes = {
	};
	objectVersion = 46;
	objects = {

/* Begin PBXGroup section */
		1D02B5F5174BAB9900158DF5 = {
			isa = PBXGroup;
			children = (
			);
			sourceTree = "<group>";
		};
/* End PBXGroup section */

/* Begin PBXProject section */
		1D02B5F6174BAB9900158DF5 /* Project object */ = {
			isa = PBXProject;
			attributes = {
				CLASSPREFIX = CGI;
				LastUpgradeCheck = 0460;
				ORGANIZATIONNAME = muski;
			};
			buildConfigurationList = 1D02B5F9174BAB9900158DF5 /* Build configuration list for PBXProject "CGIJSONKit" */;
			compatibilityVersion = "Xcode 3.2";
			developmentRegion = English;
			hasScannedForEncodings = 0;
			knownRegions = (
				en,
			);
			mainGroup = 1D02B5F5174BAB9900158DF5;
			projectDirPath = "";
			projectRoot = "";
			targets = (
			);
		};
/* End PBXProject section */

/* Begin XCBuildConfiguration section */
		1D02B5FA174BAB9900158DF5 /* Debug */ = {
			isa = XCBuildConfiguration;
			buildSettings = {
			};
			name = Debug;
		};
		1D02B5FB174BAB9900158DF5 /* Release */ = {
			isa = XCBuildConfiguration;
			buildSettings = {
			};
			name = Release;
		};
/* End XCBuildConfiguration section */

/* Begin XCConfigurationList section */
		1D02B5F9174BAB9900158DF5 /* Build configuration list for PBXProject "CGIJSONKit" */ = {
			isa = XCConfigurationList;
			buildConfigurations = (
				1D02B5FA174BAB9900158DF5 /* Debug */,
				1D02B5FB174BAB9900158DF5 /* Release */,
			);
			defaultConfigurationIsVisible = 0;
			defaultConfigurationName = Release;
		};
/* End XCConfigurationList section */
	};
	rootObject = 1D02B5F6174BAB9900158DF5 /* Project object */;
}
